
Microsoft Visual Studio Solution File, Format Version 11.00
# Visual Studio 2010
Project("{FAE04EC0-301F-11D3-BF4B-00C04F79EFBC}") = "Assembly-CSharp", "Assembly-CSharp.csproj", "{769f7b2c-9605-4547-9b4e-7c1ba26d9fd4}"
EndProject
Project("{FAE04EC0-301F-11D3-BF4B-00C04F79EFBC}") = "Assembly-CSharp-Editor", "Assembly-CSharp-Editor.csproj", "{1cb7d27f-e545-4435-b25b-324575fb7c62}"
EndProject
Global
	GlobalSection(SolutionConfigurationPlatforms) = preSolution
		Debug|Any CPU = Debug|Any CPU
		Release|Any CPU = Release|Any CPU
	EndGlobalSection
	GlobalSection(ProjectConfigurationPlatforms) = postSolution
		{769f7b2c-9605-4547-9b4e-7c1ba26d9fd4}.Debug|Any CPU.ActiveCfg = Debug|Any CPU
		{769f7b2c-9605-4547-9b4e-7c1ba26d9fd4}.Debug|Any CPU.Build.0 = Debug|Any CPU
		{769f7b2c-9605-4547-9b4e-7c1ba26d9fd4}.Release|Any CPU.ActiveCfg = Release|Any CPU
		{769f7b2c-9605-4547-9b4e-7c1ba26d9fd4}.Release|Any CPU.Build.0 = Release|Any CPU
		{1cb7d27f-e545-4435-b25b-324575fb7c62}.Debug|Any CPU.ActiveCfg = Debug|Any CPU
		{1cb7d27f-e545-4435-b25b-324575fb7c62}.Debug|Any CPU.Build.0 = Debug|Any CPU
		{1cb7d27f-e545-4435-b25b-324575fb7c62}.Release|Any CPU.ActiveCfg = Release|Any CPU
		{1cb7d27f-e545-4435-b25b-324575fb7c62}.Release|Any CPU.Build.0 = Release|Any CPU
	EndGlobalSection
	GlobalSection(SolutionProperties) = preSolution
		HideSolutionNode = FALSE
	EndGlobalSection
EndGlobal
